
Microsoft Visual Studio Solution File, Format Version 12.00
# Visual Studio Version 16
VisualStudioVersion = 16.0.28729.10
MinimumVisualStudioVersion = 10.0.40219.1
Project("{2150E333-8FDC-42A3-9474-1A3956D46DE8}") = "Scripts", "Scripts", "{3C827A61-5056-44EC-BD5E-FCCCC5ACDE2E}"
EndProject
Project("{2150E333-8FDC-42A3-9474-1A3956D46DE8}") = "src", "src", "{745CC455-2607-4328-B290-20AEA24BF9CF}"
EndProject
Project("{9A19103F-16F7-4668-BE54-9A1E7A4F7556}") = "Escola.Dominio", "Escolas.Dominio\Escola.Dominio.csproj", "{C346716D-4692-49A4-90CE-3646F20EC457}"
EndProject
Project("{9A19103F-16F7-4668-BE54-9A1E7A4F7556}") = "Escola.Infra.EF", "Escolas.Infra.EF\Escola.Infra.EF.csproj", "{6438294F-F58B-469C-86B9-05F541C36ED8}"
EndProject
Project("{9A19103F-16F7-4668-BE54-9A1E7A4F7556}") = "Escola.API", "Escolas.API\Escola.API.csproj", "{E0018DAE-20C0-4FBB-93D7-6D6336E02EA6}"
EndProject
Project("{9A19103F-16F7-4668-BE54-9A1E7A4F7556}") = "Escolas.Infra.Dapper", "Escolas.Infra.Dapper\Escolas.Infra.Dapper.csproj", "{0FBEDE81-75BC-42BA-9E22-F0E4A4A6D5CD}"
EndProject
Project("{2150E333-8FDC-42A3-9474-1A3956D46DE8}") = "Documentos", "Documentos", "{969047D7-BD58-47B8-BB9E-A0D55922156D}"
	ProjectSection(SolutionItems) = preProject
		Dicas.txt = Dicas.txt
	EndProjectSection
EndProject
Global
	GlobalSection(SolutionConfigurationPlatforms) = preSolution
		Debug|Any CPU = Debug|Any CPU
		Release|Any CPU = Release|Any CPU
	EndGlobalSection
	GlobalSection(ProjectConfigurationPlatforms) = postSolution
		{C346716D-4692-49A4-90CE-3646F20EC457}.Debug|Any CPU.ActiveCfg = Debug|Any CPU
		{C346716D-4692-49A4-90CE-3646F20EC457}.Debug|Any CPU.Build.0 = Debug|Any CPU
		{C346716D-4692-49A4-90CE-3646F20EC457}.Release|Any CPU.ActiveCfg = Release|Any CPU
		{C346716D-4692-49A4-90CE-3646F20EC457}.Release|Any CPU.Build.0 = Release|Any CPU
		{6438294F-F58B-469C-86B9-05F541C36ED8}.Debug|Any CPU.ActiveCfg = Debug|Any CPU
		{6438294F-F58B-469C-86B9-05F541C36ED8}.Debug|Any CPU.Build.0 = Debug|Any CPU
		{6438294F-F58B-469C-86B9-05F541C36ED8}.Release|Any CPU.ActiveCfg = Release|Any CPU
		{6438294F-F58B-469C-86B9-05F541C36ED8}.Release|Any CPU.Build.0 = Release|Any CPU
		{E0018DAE-20C0-4FBB-93D7-6D6336E02EA6}.Debug|Any CPU.ActiveCfg = Debug|Any CPU
		{E0018DAE-20C0-4FBB-93D7-6D6336E02EA6}.Debug|Any CPU.Build.0 = Debug|Any CPU
		{E0018DAE-20C0-4FBB-93D7-6D6336E02EA6}.Release|Any CPU.ActiveCfg = Release|Any CPU
		{E0018DAE-20C0-4FBB-93D7-6D6336E02EA6}.Release|Any CPU.Build.0 = Release|Any CPU
		{0FBEDE81-75BC-42BA-9E22-F0E4A4A6D5CD}.Debug|Any CPU.ActiveCfg = Debug|Any CPU
		{0FBEDE81-75BC-42BA-9E22-F0E4A4A6D5CD}.Debug|Any CPU.Build.0 = Debug|Any CPU
		{0FBEDE81-75BC-42BA-9E22-F0E4A4A6D5CD}.Release|Any CPU.ActiveCfg = Release|Any CPU
		{0FBEDE81-75BC-42BA-9E22-F0E4A4A6D5CD}.Release|Any CPU.Build.0 = Release|Any CPU
	EndGlobalSection
	GlobalSection(SolutionProperties) = preSolution
		HideSolutionNode = FALSE
	EndGlobalSection
	GlobalSection(NestedProjects) = preSolution
		{C346716D-4692-49A4-90CE-3646F20EC457} = {745CC455-2607-4328-B290-20AEA24BF9CF}
		{6438294F-F58B-469C-86B9-05F541C36ED8} = {745CC455-2607-4328-B290-20AEA24BF9CF}
		{E0018DAE-20C0-4FBB-93D7-6D6336E02EA6} = {745CC455-2607-4328-B290-20AEA24BF9CF}
	EndGlobalSection
	GlobalSection(ExtensibilityGlobals) = postSolution
		SolutionGuid = {C0B3302D-A821-4578-8EA2-1D8D6E8B8D79}
	EndGlobalSection
EndGlobal
